
Microsoft Visual Studio Solution File, Format Version 12.00
Project("{FAE04EC0-301F-11D3-BF4B-00C04F79EFBC}") = "PhotoMap.Messaging", "PhotoMap.Messaging\PhotoMap.Messaging.csproj", "{B2FCB924-AA9D-4ABB-8D0D-9972F6549982}"
EndProject
Global
	GlobalSection(SolutionConfigurationPlatforms) = preSolution
		Debug|Any CPU = Debug|Any CPU
		Release|Any CPU = Release|Any CPU
	EndGlobalSection
	GlobalSection(ProjectConfigurationPlatforms) = postSolution
		{B2FCB924-AA9D-4ABB-8D0D-9972F6549982}.Debug|Any CPU.ActiveCfg = Debug|Any CPU
		{B2FCB924-AA9D-4ABB-8D0D-9972F6549982}.Debug|Any CPU.Build.0 = Debug|Any CPU
		{B2FCB924-AA9D-4ABB-8D0D-9972F6549982}.Release|Any CPU.ActiveCfg = Release|Any CPU
		{B2FCB924-AA9D-4ABB-8D0D-9972F6549982}.Release|Any CPU.Build.0 = Release|Any CPU
	EndGlobalSection
EndGlobal
